github.com/globalsign/mgo v0.0.0-20181015135952-eeefdecb41b8 h1:DujepqpGd1hyOd7aW59XpK7Qymp8iy83xq74fLr21is=
github.com/globalsign/mgo v0.0.0-20181015135952-eeefdecb41b8/go.mod h1:xkRDCp4j0OGD1HRkm4kmhM+pmpv3AKq5SU7GMg4oO/Q=
github.com/inconshreveable/log15 v0.0.0-20180818164646-67afb5ed74ec h1:CGkYB1Q7DSsH/ku+to+foV4agt2F2miquaLUgF6L178=
github.com/inconshreveable/log15 v0.0.0-20180818164646-67afb5ed74ec/go.mod h1:cOaXtrgN4ScfRrD9Bre7U1thNq5RtJ8ZoP4iXVGRj6o=
github.com/mattn/go-colorable v0.1.4 h1:snbPLB8fVfU9iwbbo30TPtbLRzwWu6aJS6Xh4eaaviA=
github.com/mattn/go-colorable v0.1.4/go.mod h1:U0ppj6V5qS13XJ6of8GYAs25YV2eR4EVcfRqFIhoBtE=
github.com/mattn/go-isatty v0.0.8 h1:HLtExJ+uU2HOZ+wI0Tt5DtUDrx8yhUqDcp7fYERX4CE=
github.com/mattn/go-isatty v0.0.8/go.mod h1:Iq45c/XA43vh69/j3iqttzPXn0bhXyGjM0Hdxcsrc5s=
github.com/revel/config v0.21.0 h1:Bw4iXLGAuD/Di2HEhPSOyDywrTlFIXUMbds91lXTtTU=
github.com/revel/config v0.21.0/go.mod h1:GT4a9px5kDGRqLizcw/md0QFErrhen76toz4qS3oIoI=
github.com/revel/log15 v2.11.20+incompatible h1:JkA4tbwIo/UGEMumY50zndKq816RQW3LQ0wIpRc+32U=
github.com/revel/log15 v2.11.20+incompatible/go.mod h1:l0WmLRs+IM1hBl4noJiBc2tZQiOgZyXzS1mdmFt+5Gc=
github.com/revel/pathtree v0.0.0-20140121041023-41257a1839e9 h1:/d6kfjzjyx19ieWqMOXHSTLFuRxLOH15ZubtcAXExKw=
github.com/revel/pathtree v0.0.0-20140121041023-41257a1839e9/go.mod h1:TmlwoRLDvgRjoTe6rbsxIaka/CulzYrgfef7iNJcEWY=
github.com/revel/revel v0.21.0 h1:E6kDJmpJSDb0F8XwbyG5h4ayzpZ+8Wcw2IiPZW/2qSc=
github.com/revel/revel v0.21.0/go.mod h1:VZWJnHjpDEtuGUuZJ2NO42XryitrtwsdVaJxfDeo5yc=
github.com/twinj/uuid v1.0.0 h1:fzz7COZnDrXGTAOHGuUGYd6sG+JMq+AoE7+Jlu0przk=
github.com/twinj/uuid v1.0.0/go.mod h1:mMgcE1RHFUFqe5AfiwlINXisXfDGro23fWdPUfOMjRY=
github.com/xeonx/timeago v1.0.0-rc4 h1:9rRzv48GlJC0vm+iBpLcWAr8YbETyN9Vij+7h2ammz4=
github.com/xeonx/timeago v1.0.0-rc4/go.mod h1:qDLrYEFynLO7y5Ho7w3GwgtYgpy5UfhcXIIQvMKVDkA=
golang.org/x/crypto v0.0.0-20190308221718-c2843e01d9a2/go.mod h1:djNgcEr1/C05ACkg1iLfiJU5Ep61QUkGW8qpdssI0+w=
golang.org/x/net v0.0.0-20191011234655-491137f69257 h1:ry8e2D+cwaV6hk7lb3aRTjjZo24shrbK0e11QEOkTIg=
golang.org/x/net v0.0.0-20191011234655-491137f69257/go.mod h1:z5CRVTTTmAJ677TzLLGU+0bjPO0LkuOLi4/5GtJWs/s=
golang.org/x/sys v0.0.0-20190215142949-d0b11bdaac8a/go.mod h1:STP8DvDyc/dI5b8T5hshtkjS+E42TnysNCUPdjciGhY=
golang.org/x/sys v0.0.0-20190222072716-a9d3bda3a223 h1:DH4skfRX4EBpamg7iV4ZlCpblAHI6s6TDM39bFZumv8=
golang.org/x/sys v0.0.0-20190222072716-a9d3bda3a223/go.mod h1:STP8DvDyc/dI5b8T5hshtkjS+E42TnysNCUPdjciGhY=
golang.org/x/text v0.3.0/go.mod h1:NqM8EUOU14njkJ3fqMW+pc6Ldnwhi/IjpwHt7yyuwOQ=
gopkg.in/fsnotify/fsnotify.v1 v1.4.7 h1:XNNYLJHt73EyYiCZi6+xjupS9CpvmiDgjPTAjrBlQbo=
gopkg.in/fsnotify/fsnotify.v1 v1.4.7/go.mod h1:Fyux9zXlo4rWoMSIzpn9fDAYjalPqJ/K1qJ27s+7ltE=
gopkg.in/natefinch/lumberjack.v2 v2.0.0 h1:1Lc07Kr7qY4U2YPouBjpCLxpiyxIVoxqXgkXLknAOE8=
gopkg.in/natefinch/lumberjack.v2 v2.0.0/go.mod h1:l0ndWWf7gzL7RNwBG7wST/UCcT4T24xpD6X8LsfU/+k=
gopkg.in/stack.v0 v0.0.0-20141108040640-9b43fcefddd0 h1:lMH45EKqD8Nf6LwoF+43YOKjOAEEHQRVgDyG8RCV4MU=
gopkg.in/stack.v0 v0.0.0-20141108040640-9b43fcefddd0/go.mod h1:kl/bNzW/jgTgUOCGDj3XPn9/Hbfhw6pjfBRUnaTioFQ=
